
Microsoft Visual Studio Solution File, Format Version 12.00
# Visual Studio Version 17
VisualStudioVersion = 17.6.33815.320
MinimumVisualStudioVersion = 10.0.40219.1
Project("{8BC9CEB8-8B4A-11D0-8D11-00A0C91BC942}") = "Task2", "Task2.vcxproj", "{7FD83365-8781-4499-AE1D-35F60F6A0EBF}"
EndProject
Global
	GlobalSection(SolutionConfigurationPlatforms) = preSolution
		Debug|x64 = Debug|x64
		Debug|x86 = Debug|x86
		Release|x64 = Release|x64
		Release|x86 = Release|x86
	EndGlobalSection
	GlobalSection(ProjectConfigurationPlatforms) = postSolution
		{7FD83365-8781-4499-AE1D-35F60F6A0EBF}.Debug|x64.ActiveCfg = Debug|x64
		{7FD83365-8781-4499-AE1D-35F60F6A0EBF}.Debug|x64.Build.0 = Debug|x64
		{7FD83365-8781-4499-AE1D-35F60F6A0EBF}.Debug|x86.ActiveCfg = Debug|Win32
		{7FD83365-8781-4499-AE1D-35F60F6A0EBF}.Debug|x86.Build.0 = Debug|Win32
		{7FD83365-8781-4499-AE1D-35F60F6A0EBF}.Release|x64.ActiveCfg = Release|x64
		{7FD83365-8781-4499-AE1D-35F60F6A0EBF}.Release|x64.Build.0 = Release|x64
		{7FD83365-8781-4499-AE1D-35F60F6A0EBF}.Release|x86.ActiveCfg = Release|Win32
		{7FD83365-8781-4499-AE1D-35F60F6A0EBF}.Release|x86.Build.0 = Release|Win32
	EndGlobalSection
	GlobalSection(SolutionProperties) = preSolution
		HideSolutionNode = FALSE
	EndGlobalSection
	GlobalSection(ExtensibilityGlobals) = postSolution
		SolutionGuid = {FF062732-937C-4795-8167-8759A35FD317}
	EndGlobalSection
EndGlobal
