
Microsoft Visual Studio Solution File, Format Version 12.00
# Visual Studio Version 17
VisualStudioVersion = 17.6.33723.286
MinimumVisualStudioVersion = 10.0.40219.1
Project("{8BC9CEB8-8B4A-11D0-8D11-00A0C91BC942}") = "Task1", "Task1\Task1.vcxproj", "{72D2CD26-D0F3-4B88-BB9C-48D7EFA2C706}"
EndProject
Project("{8BC9CEB8-8B4A-11D0-8D11-00A0C91BC942}") = "StaticLib_Greeter", "StaticLib_Greeter\StaticLib_Greeter.vcxproj", "{3FC45D4A-5FA8-4C71-BB38-C7DA86A5844C}"
EndProject
Global
	GlobalSection(SolutionConfigurationPlatforms) = preSolution
		Debug|x64 = Debug|x64
		Debug|x86 = Debug|x86
		Release|x64 = Release|x64
		Release|x86 = Release|x86
	EndGlobalSection
	GlobalSection(ProjectConfigurationPlatforms) = postSolution
		{72D2CD26-D0F3-4B88-BB9C-48D7EFA2C706}.Debug|x64.ActiveCfg = Debug|x64
		{72D2CD26-D0F3-4B88-BB9C-48D7EFA2C706}.Debug|x64.Build.0 = Debug|x64
		{72D2CD26-D0F3-4B88-BB9C-48D7EFA2C706}.Debug|x86.ActiveCfg = Debug|Win32
		{72D2CD26-D0F3-4B88-BB9C-48D7EFA2C706}.Debug|x86.Build.0 = Debug|Win32
		{72D2CD26-D0F3-4B88-BB9C-48D7EFA2C706}.Release|x64.ActiveCfg = Release|x64
		{72D2CD26-D0F3-4B88-BB9C-48D7EFA2C706}.Release|x64.Build.0 = Release|x64
		{72D2CD26-D0F3-4B88-BB9C-48D7EFA2C706}.Release|x86.ActiveCfg = Release|Win32
		{72D2CD26-D0F3-4B88-BB9C-48D7EFA2C706}.Release|x86.Build.0 = Release|Win32
		{3FC45D4A-5FA8-4C71-BB38-C7DA86A5844C}.Debug|x64.ActiveCfg = Debug|x64
		{3FC45D4A-5FA8-4C71-BB38-C7DA86A5844C}.Debug|x64.Build.0 = Debug|x64
		{3FC45D4A-5FA8-4C71-BB38-C7DA86A5844C}.Debug|x86.ActiveCfg = Debug|Win32
		{3FC45D4A-5FA8-4C71-BB38-C7DA86A5844C}.Debug|x86.Build.0 = Debug|Win32
		{3FC45D4A-5FA8-4C71-BB38-C7DA86A5844C}.Release|x64.ActiveCfg = Release|x64
		{3FC45D4A-5FA8-4C71-BB38-C7DA86A5844C}.Release|x64.Build.0 = Release|x64
		{3FC45D4A-5FA8-4C71-BB38-C7DA86A5844C}.Release|x86.ActiveCfg = Release|Win32
		{3FC45D4A-5FA8-4C71-BB38-C7DA86A5844C}.Release|x86.Build.0 = Release|Win32
	EndGlobalSection
	GlobalSection(SolutionProperties) = preSolution
		HideSolutionNode = FALSE
	EndGlobalSection
	GlobalSection(ExtensibilityGlobals) = postSolution
		SolutionGuid = {D516EFBA-2C92-41DB-A544-490F3EE8DA2C}
	EndGlobalSection
EndGlobal
